
Microsoft Visual Studio Solution File, Format Version 11.00
# Visual Studio 2010
Project("{8BC9CEB8-8B4A-11D0-8D11-00A0C91BC942}") = "SopasCommunicationLms100", "SopasCommunicationLms100\SopasCommunicationLms100.vcxproj", "{D86ED356-1196-41B4-BFC6-568F2122C58B}"
EndProject
Global
	GlobalSection(SolutionConfigurationPlatforms) = preSolution
		Debug|Win32 = Debug|Win32
		Release|Win32 = Release|Win32
	EndGlobalSection
	GlobalSection(ProjectConfigurationPlatforms) = postSolution
		{D86ED356-1196-41B4-BFC6-568F2122C58B}.Debug|Win32.ActiveCfg = Debug|Win32
		{D86ED356-1196-41B4-BFC6-568F2122C58B}.Debug|Win32.Build.0 = Debug|Win32
		{D86ED356-1196-41B4-BFC6-568F2122C58B}.Release|Win32.ActiveCfg = Release|Win32
		{D86ED356-1196-41B4-BFC6-568F2122C58B}.Release|Win32.Build.0 = Release|Win32
	EndGlobalSection
	GlobalSection(SolutionProperties) = preSolution
		HideSolutionNode = FALSE
	EndGlobalSection
EndGlobal
