
Microsoft Visual Studio Solution File, Format Version 11.00
# Visual Studio 2010
Project("{8BC9CEB8-8B4A-11D0-8D11-00A0C91BC942}") = "SopasCommunicationLms100_cpp", "SopasCommunicationLms100\SopasCommunicationLms100_cpp.vcxproj", "{818436A3-9427-4E4E-8815-B6CE83395F32}"
EndProject
Global
	GlobalSection(SolutionConfigurationPlatforms) = preSolution
		Debug|Win32 = Debug|Win32
		Release|Win32 = Release|Win32
	EndGlobalSection
	GlobalSection(ProjectConfigurationPlatforms) = postSolution
		{818436A3-9427-4E4E-8815-B6CE83395F32}.Debug|Win32.ActiveCfg = Debug|Win32
		{818436A3-9427-4E4E-8815-B6CE83395F32}.Debug|Win32.Build.0 = Debug|Win32
		{818436A3-9427-4E4E-8815-B6CE83395F32}.Release|Win32.ActiveCfg = Release|Win32
		{818436A3-9427-4E4E-8815-B6CE83395F32}.Release|Win32.Build.0 = Release|Win32
	EndGlobalSection
	GlobalSection(SolutionProperties) = preSolution
		HideSolutionNode = FALSE
	EndGlobalSection
EndGlobal
