
Microsoft Visual Studio Solution File, Format Version 11.00
# Visual Studio 2010
Project("{8BC9CEB8-8B4A-11D0-8D11-00A0C91BC942}") = "ProjectorMappingOpr", "ProjectorMappingOpr\ProjectorMappingOpr.vcxproj", "{538F0026-0C32-4470-85D7-4C5DCC02CC3E}"
EndProject
Global
	GlobalSection(SolutionConfigurationPlatforms) = preSolution
		Debug|Win32 = Debug|Win32
		Release|Win32 = Release|Win32
	EndGlobalSection
	GlobalSection(ProjectConfigurationPlatforms) = postSolution
		{538F0026-0C32-4470-85D7-4C5DCC02CC3E}.Debug|Win32.ActiveCfg = Debug|Win32
		{538F0026-0C32-4470-85D7-4C5DCC02CC3E}.Debug|Win32.Build.0 = Debug|Win32
		{538F0026-0C32-4470-85D7-4C5DCC02CC3E}.Release|Win32.ActiveCfg = Release|Win32
		{538F0026-0C32-4470-85D7-4C5DCC02CC3E}.Release|Win32.Build.0 = Release|Win32
	EndGlobalSection
	GlobalSection(SolutionProperties) = preSolution
		HideSolutionNode = FALSE
	EndGlobalSection
EndGlobal
